
Microsoft Visual Studio Solution File, Format Version 12.00
# Visual Studio Version 17
VisualStudioVersion = 17.1.32210.238
MinimumVisualStudioVersion = 10.0.40219.1
Project("{FAE04EC0-301F-11D3-BF4B-00C04F79EFBC}") = "SliceConvoluteGauss", "SliceConvoluteGauss\SliceConvoluteGauss.csproj", "{2795E507-B2F0-4DF6-A9F3-BF74FA9BFC95}"
EndProject
Global
	GlobalSection(SolutionConfigurationPlatforms) = preSolution
		Debug|Any CPU = Debug|Any CPU
		Release|Any CPU = Release|Any CPU
	EndGlobalSection
	GlobalSection(ProjectConfigurationPlatforms) = postSolution
		{2795E507-B2F0-4DF6-A9F3-BF74FA9BFC95}.Debug|Any CPU.ActiveCfg = Debug|Any CPU
		{2795E507-B2F0-4DF6-A9F3-BF74FA9BFC95}.Debug|Any CPU.Build.0 = Debug|Any CPU
		{2795E507-B2F0-4DF6-A9F3-BF74FA9BFC95}.Release|Any CPU.ActiveCfg = Release|Any CPU
		{2795E507-B2F0-4DF6-A9F3-BF74FA9BFC95}.Release|Any CPU.Build.0 = Release|Any CPU
	EndGlobalSection
	GlobalSection(SolutionProperties) = preSolution
		HideSolutionNode = FALSE
	EndGlobalSection
	GlobalSection(ExtensibilityGlobals) = postSolution
		SolutionGuid = {FEA3D99A-627A-475A-BFBB-A8F7911B91A9}
	EndGlobalSection
EndGlobal
